
Microsoft Visual Studio Solution File, Format Version 12.00
# Visual Studio 2013
VisualStudioVersion = 12.0.31101.0
MinimumVisualStudioVersion = 10.0.40219.1
Project("{FAE04EC0-301F-11D3-BF4B-00C04F79EFBC}") = "XamarinWebAPI", "XamarinWebAPI\XamarinWebAPI.csproj", "{72F98678-A8B2-4CA5-9203-834111EB3EA7}"
EndProject
Project("{2150E333-8FDC-42A3-9474-1A3956D46DE8}") = "PublishScripts", "PublishScripts", "{49F7D2A2-372A-436B-A57B-08D6E6FA5169}"
	ProjectSection(SolutionItems) = preProject
		PublishScripts\AzureWebsitePublishModule.psm1 = PublishScripts\AzureWebsitePublishModule.psm1
		PublishScripts\Publish-WebApplicationWebsite.ps1 = PublishScripts\Publish-WebApplicationWebsite.ps1
	EndProjectSection
EndProject
Project("{2150E333-8FDC-42A3-9474-1A3956D46DE8}") = "Configurations", "Configurations", "{EA35987B-32E8-470B-B698-513DC5C1B96E}"
	ProjectSection(SolutionItems) = preProject
		PublishScripts\Configurations\XamarinWebAPI-WAWS-dev.json = PublishScripts\Configurations\XamarinWebAPI-WAWS-dev.json
	EndProjectSection
EndProject
Global
	GlobalSection(SolutionConfigurationPlatforms) = preSolution
		Debug|Any CPU = Debug|Any CPU
		Release|Any CPU = Release|Any CPU
	EndGlobalSection
	GlobalSection(ProjectConfigurationPlatforms) = postSolution
		{72F98678-A8B2-4CA5-9203-834111EB3EA7}.Debug|Any CPU.ActiveCfg = Debug|Any CPU
		{72F98678-A8B2-4CA5-9203-834111EB3EA7}.Debug|Any CPU.Build.0 = Debug|Any CPU
		{72F98678-A8B2-4CA5-9203-834111EB3EA7}.Release|Any CPU.ActiveCfg = Release|Any CPU
		{72F98678-A8B2-4CA5-9203-834111EB3EA7}.Release|Any CPU.Build.0 = Release|Any CPU
	EndGlobalSection
	GlobalSection(SolutionProperties) = preSolution
		HideSolutionNode = FALSE
	EndGlobalSection
	GlobalSection(NestedProjects) = preSolution
		{EA35987B-32E8-470B-B698-513DC5C1B96E} = {49F7D2A2-372A-436B-A57B-08D6E6FA5169}
	EndGlobalSection
EndGlobal
